
Microsoft Visual Studio Solution File, Format Version 12.00
# Visual Studio Version 16
VisualStudioVersion = 16.0.32413.511
MinimumVisualStudioVersion = 10.0.40219.1
Project("{FAE04EC0-301F-11D3-BF4B-00C04F79EFBC}") = "Assignment -4", "Assignment -4\Assignment -4.csproj", "{78C17769-9876-4D66-A192-066EEECA7587}"
EndProject
Global
	GlobalSection(SolutionConfigurationPlatforms) = preSolution
		Debug|Any CPU = Debug|Any CPU
		Release|Any CPU = Release|Any CPU
	EndGlobalSection
	GlobalSection(ProjectConfigurationPlatforms) = postSolution
		{78C17769-9876-4D66-A192-066EEECA7587}.Debug|Any CPU.ActiveCfg = Debug|Any CPU
		{78C17769-9876-4D66-A192-066EEECA7587}.Debug|Any CPU.Build.0 = Debug|Any CPU
		{78C17769-9876-4D66-A192-066EEECA7587}.Release|Any CPU.ActiveCfg = Release|Any CPU
		{78C17769-9876-4D66-A192-066EEECA7587}.Release|Any CPU.Build.0 = Release|Any CPU
	EndGlobalSection
	GlobalSection(SolutionProperties) = preSolution
		HideSolutionNode = FALSE
	EndGlobalSection
	GlobalSection(ExtensibilityGlobals) = postSolution
		SolutionGuid = {CB011581-D8B1-4873-A3C5-E4A078E05C58}
	EndGlobalSection
EndGlobal
