
Microsoft Visual Studio Solution File, Format Version 12.00
# Visual Studio Version 17
VisualStudioVersion = 17.0.32126.317
MinimumVisualStudioVersion = 10.0.40219.1
Project("{FAE04EC0-301F-11D3-BF4B-00C04F79EFBC}") = "Assignment 3", "Assignment 3\Assignment 3.csproj", "{10B0D569-5483-4748-96C0-798D592E7240}"
EndProject
Global
	GlobalSection(SolutionConfigurationPlatforms) = preSolution
		Debug|Any CPU = Debug|Any CPU
		Release|Any CPU = Release|Any CPU
	EndGlobalSection
	GlobalSection(ProjectConfigurationPlatforms) = postSolution
		{10B0D569-5483-4748-96C0-798D592E7240}.Debug|Any CPU.ActiveCfg = Debug|Any CPU
		{10B0D569-5483-4748-96C0-798D592E7240}.Debug|Any CPU.Build.0 = Debug|Any CPU
		{10B0D569-5483-4748-96C0-798D592E7240}.Release|Any CPU.ActiveCfg = Release|Any CPU
		{10B0D569-5483-4748-96C0-798D592E7240}.Release|Any CPU.Build.0 = Release|Any CPU
	EndGlobalSection
	GlobalSection(SolutionProperties) = preSolution
		HideSolutionNode = FALSE
	EndGlobalSection
	GlobalSection(ExtensibilityGlobals) = postSolution
		SolutionGuid = {5C4EB912-A9FC-4295-8053-9E668218B5D1}
	EndGlobalSection
EndGlobal
